
Microsoft Visual Studio Solution File, Format Version 12.00
# Visual Studio 15
VisualStudioVersion = 15.0.28307.902
MinimumVisualStudioVersion = 10.0.40219.1
Project("{FAE04EC0-301F-11D3-BF4B-00C04F79EFBC}") = "VideoRental", "VideoRental\VideoRental.csproj", "{7C954861-B94C-4873-9965-2B7E116166BB}"
EndProject
Project("{00D1A9C2-B5F0-4AF3-8072-F6C62B433612}") = "VideoRentalDatabase", "VideoRentalDatabase\VideoRentalDatabase.sqlproj", "{E7086E3B-B7BF-46E8-9D84-AE38E6B24BBB}"
EndProject
Project("{FAE04EC0-301F-11D3-BF4B-00C04F79EFBC}") = "UnitTesting", "UnitTesting\UnitTesting.csproj", "{6136042A-4295-4023-9C2C-A014B95CE71B}"
EndProject
Global
	GlobalSection(SolutionConfigurationPlatforms) = preSolution
		Debug|Any CPU = Debug|Any CPU
		Release|Any CPU = Release|Any CPU
	EndGlobalSection
	GlobalSection(ProjectConfigurationPlatforms) = postSolution
		{7C954861-B94C-4873-9965-2B7E116166BB}.Debug|Any CPU.ActiveCfg = Debug|Any CPU
		{7C954861-B94C-4873-9965-2B7E116166BB}.Debug|Any CPU.Build.0 = Debug|Any CPU
		{7C954861-B94C-4873-9965-2B7E116166BB}.Release|Any CPU.ActiveCfg = Release|Any CPU
		{7C954861-B94C-4873-9965-2B7E116166BB}.Release|Any CPU.Build.0 = Release|Any CPU
		{E7086E3B-B7BF-46E8-9D84-AE38E6B24BBB}.Debug|Any CPU.ActiveCfg = Debug|Any CPU
		{E7086E3B-B7BF-46E8-9D84-AE38E6B24BBB}.Debug|Any CPU.Build.0 = Debug|Any CPU
		{E7086E3B-B7BF-46E8-9D84-AE38E6B24BBB}.Debug|Any CPU.Deploy.0 = Debug|Any CPU
		{E7086E3B-B7BF-46E8-9D84-AE38E6B24BBB}.Release|Any CPU.ActiveCfg = Release|Any CPU
		{E7086E3B-B7BF-46E8-9D84-AE38E6B24BBB}.Release|Any CPU.Build.0 = Release|Any CPU
		{E7086E3B-B7BF-46E8-9D84-AE38E6B24BBB}.Release|Any CPU.Deploy.0 = Release|Any CPU
		{6136042A-4295-4023-9C2C-A014B95CE71B}.Debug|Any CPU.ActiveCfg = Debug|Any CPU
		{6136042A-4295-4023-9C2C-A014B95CE71B}.Debug|Any CPU.Build.0 = Debug|Any CPU
		{6136042A-4295-4023-9C2C-A014B95CE71B}.Release|Any CPU.ActiveCfg = Release|Any CPU
		{6136042A-4295-4023-9C2C-A014B95CE71B}.Release|Any CPU.Build.0 = Release|Any CPU
	EndGlobalSection
	GlobalSection(SolutionProperties) = preSolution
		HideSolutionNode = FALSE
	EndGlobalSection
	GlobalSection(ExtensibilityGlobals) = postSolution
		SolutionGuid = {A77C16D7-7C5C-4DB0-A51D-AECBE83353D7}
	EndGlobalSection
EndGlobal
